
Microsoft Visual Studio Solution File, Format Version 12.00
# Visual Studio Version 16
VisualStudioVersion = 16.0.29123.89
MinimumVisualStudioVersion = 10.0.40219.1
Project("{2150E333-8FDC-42A3-9474-1A3956D46DE8}") = "src", "src", "{B6A7C7F9-D23D-4140-B30D-5CD81AE60CD6}"
EndProject
Project("{2150E333-8FDC-42A3-9474-1A3956D46DE8}") = "Web apps", "Web apps", "{37212B63-DDFC-4887-9729-95039A06E86D}"
EndProject
Project("{2150E333-8FDC-42A3-9474-1A3956D46DE8}") = "Services", "Services", "{225768EA-C98F-491C-8045-D6ECEB703361}"
EndProject
Project("{2150E333-8FDC-42A3-9474-1A3956D46DE8}") = "Marketing", "Marketing", "{BBE999C4-DE22-4B32-AD4D-9AF985EF3A65}"
EndProject
Project("{9A19103F-16F7-4668-BE54-9A1E7A4F7556}") = "Marketing.Api", "src\Services\Marketing\Marketing.Api\Marketing.Api.csproj", "{6C1F327E-1599-42BD-B091-C965CE7E6964}"
EndProject
Project("{2150E333-8FDC-42A3-9474-1A3956D46DE8}") = "BuildingBlocks", "BuildingBlocks", "{A465760B-FEBB-4865-AF55-D9E5E163E9D8}"
EndProject
Project("{2150E333-8FDC-42A3-9474-1A3956D46DE8}") = "EventBuss", "EventBuss", "{E66BF67E-F0D7-49B3-AE68-F854C1E3B48B}"
EndProject
Project("{9A19103F-16F7-4668-BE54-9A1E7A4F7556}") = "Marketing.Domain", "src\Services\Marketing\Marketing.Domain\Marketing.Domain.csproj", "{3605A035-CA09-4F7F-84D4-61B2D4309F96}"
EndProject
Project("{9A19103F-16F7-4668-BE54-9A1E7A4F7556}") = "Marketing.Infrastructure", "src\Services\Marketing\Marketing.Infrastructure\Marketing.Infrastructure.csproj", "{E249F9C4-C595-4D4C-9636-7CE8187D17B7}"
EndProject
Project("{9A19103F-16F7-4668-BE54-9A1E7A4F7556}") = "EventBus", "src\BuildingBlocks\EventBus\EventBus\EventBus.csproj", "{BA092DE7-0331-4BBD-9E7D-B04039938899}"
EndProject
Project("{9A19103F-16F7-4668-BE54-9A1E7A4F7556}") = "IntegrationEventLogEF", "src\BuildingBlocks\EventBus\IntegrationEventLogEF\IntegrationEventLogEF.csproj", "{C21B2E59-DA34-4883-9293-D89DED408B58}"
EndProject
Project("{2150E333-8FDC-42A3-9474-1A3956D46DE8}") = "WebHostCustomization", "WebHostCustomization", "{0F302675-46AE-4736-8E6E-C61E7402F541}"
EndProject
Project("{9A19103F-16F7-4668-BE54-9A1E7A4F7556}") = "WebHost.Customization", "src\BuildingBlocks\WebHostCustomization\WebHost.Customization\WebHost.Customization.csproj", "{44C48CD3-719E-4C81-9440-72452547F249}"
EndProject
Project("{9A19103F-16F7-4668-BE54-9A1E7A4F7556}") = "EventBusRabbitMQ", "src\BuildingBlocks\EventBus\EventBusRabbitMQ\EventBusRabbitMQ.csproj", "{F0AC9ADA-3001-49C3-828F-B78A73757721}"
EndProject
Project("{9A19103F-16F7-4668-BE54-9A1E7A4F7556}") = "EventBusServiceBus", "src\BuildingBlocks\EventBus\EventBusServiceBus\EventBusServiceBus.csproj", "{F185564E-DFB4-4730-ABEF-3A46B7FDBDFB}"
EndProject
Project("{9A19103F-16F7-4668-BE54-9A1E7A4F7556}") = "WebMvc", "src\Web\WebMvc\WebMvc.csproj", "{C243F374-ADEE-4783-B385-85E64E7B1CE3}"
EndProject
Project("{2150E333-8FDC-42A3-9474-1A3956D46DE8}") = "OutgoingCommunications", "OutgoingCommunications", "{AB42CE70-D309-4EAD-BCE4-C311F54B009B}"
EndProject
Project("{9A19103F-16F7-4668-BE54-9A1E7A4F7556}") = "OutgoingCommunications.Api", "src\Services\OutgoingCommunications\OutgoingCommunications.Api\OutgoingCommunications.Api.csproj", "{284C1F9E-1AFD-493F-A4D4-92D1C3C51DF9}"
EndProject
Project("{9A19103F-16F7-4668-BE54-9A1E7A4F7556}") = "OutgoingCommunications.Domain", "src\Services\OutgoingCommunications\OutgoingCommunications.Domain\OutgoingCommunications.Domain.csproj", "{1C4C851E-1EAB-4B38-8825-A5EE8EB39763}"
EndProject
Project("{9A19103F-16F7-4668-BE54-9A1E7A4F7556}") = "OutgoingCommunications.Infrastructure", "src\Services\OutgoingCommunications\OutgoingCommunications.Infrastructure\OutgoingCommunications.Infrastructure.csproj", "{5CBFAFF5-A23D-4E54-9C75-611298FE2653}"
EndProject
Project("{9A19103F-16F7-4668-BE54-9A1E7A4F7556}") = "OutgoingCommunications.EmailDocumentsLibrary", "src\Services\OutgoingCommunications\OutgoingCommunications.EmailDocumentsLibrary\OutgoingCommunications.EmailDocumentsLibrary.csproj", "{7BA8F7BC-F3A1-41C3-B3D3-84F5785AD75E}"
EndProject
Project("{9A19103F-16F7-4668-BE54-9A1E7A4F7556}") = "OutgoingCommunications.Emails", "src\Services\OutgoingCommunications\OutgoingCommunications.Emails\OutgoingCommunications.Emails.csproj", "{CAC35727-4C3B-453B-9177-42D7039298B1}"
EndProject
Project("{2150E333-8FDC-42A3-9474-1A3956D46DE8}") = "OutgoingCommunications.EmailsLibrary", "OutgoingCommunications.EmailsLibrary", "{4DFDC491-67E2-4CCA-BD3D-20264AB5436E}"
EndProject
Project("{2150E333-8FDC-42A3-9474-1A3956D46DE8}") = "ConfirmNewsletterSubscription", "ConfirmNewsletterSubscription", "{93D8A779-83DF-4682-9E81-0234D09041ED}"
	ProjectSection(SolutionItems) = preProject
		src\Services\OutgoingCommunications\OutgoingCommunications.EmailsLibrary\ConfirmNewsletterSubscription\_Content.en.html = src\Services\OutgoingCommunications\OutgoingCommunications.EmailsLibrary\ConfirmNewsletterSubscription\_Content.en.html
		src\Services\OutgoingCommunications\OutgoingCommunications.EmailsLibrary\ConfirmNewsletterSubscription\_Content.fr.html = src\Services\OutgoingCommunications\OutgoingCommunications.EmailsLibrary\ConfirmNewsletterSubscription\_Content.fr.html
		src\Services\OutgoingCommunications\OutgoingCommunications.EmailsLibrary\ConfirmNewsletterSubscription\metadata.json = src\Services\OutgoingCommunications\OutgoingCommunications.EmailsLibrary\ConfirmNewsletterSubscription\metadata.json
	EndProjectSection
EndProject
Project("{2150E333-8FDC-42A3-9474-1A3956D46DE8}") = "Shared", "Shared", "{5EFFDDFB-8A09-4B16-AF67-0BC75BA65214}"
	ProjectSection(SolutionItems) = preProject
		src\Services\OutgoingCommunications\OutgoingCommunications.EmailsLibrary\Shared\_Footer.html = src\Services\OutgoingCommunications\OutgoingCommunications.EmailsLibrary\Shared\_Footer.html
		src\Services\OutgoingCommunications\OutgoingCommunications.EmailsLibrary\Shared\_Header.html = src\Services\OutgoingCommunications\OutgoingCommunications.EmailsLibrary\Shared\_Header.html
		src\Services\OutgoingCommunications\OutgoingCommunications.EmailsLibrary\Shared\_Layout.html = src\Services\OutgoingCommunications\OutgoingCommunications.EmailsLibrary\Shared\_Layout.html
	EndProjectSection
EndProject
Project("{9A19103F-16F7-4668-BE54-9A1E7A4F7556}") = "StaticFiles", "src\Web\StaticFiles\StaticFiles.csproj", "{DF68776C-597C-4DD6-B085-58B2A6ED5EF3}"
EndProject
Project("{2150E333-8FDC-42A3-9474-1A3956D46DE8}") = "test", "test", "{CB1475E5-5ECE-494E-B26A-2A4C35D86323}"
EndProject
Project("{2150E333-8FDC-42A3-9474-1A3956D46DE8}") = "Services", "Services", "{C898F3E3-B618-4FBF-8FB8-F4F12573ACB1}"
EndProject
Project("{9A19103F-16F7-4668-BE54-9A1E7A4F7556}") = "Marketing.UnitTests", "src\Services\Marketing\Marketing.UnitTests\Marketing.UnitTests.csproj", "{2034B5EA-0764-400C-BDB1-72D74BA99ADD}"
EndProject
Project("{9A19103F-16F7-4668-BE54-9A1E7A4F7556}") = "Marketing.FunctionalTests", "src\Services\Marketing\Marketing.FunctionalTests\Marketing.FunctionalTests.csproj", "{5B202401-51AB-4BCB-9083-769B87BB5E49}"
EndProject
Project("{9A19103F-16F7-4668-BE54-9A1E7A4F7556}") = "OutgoingCommunications.UnitTests", "src\Services\OutgoingCommunications\OutgoingCommunications.UnitTests\OutgoingCommunications.UnitTests.csproj", "{53CEACA0-94D8-46A3-81BC-86BE9C83169C}"
EndProject
Project("{9A19103F-16F7-4668-BE54-9A1E7A4F7556}") = "OutgoingCommunications.FunctionalTests", "src\Services\OutgoingCommunications\OutgoingCommunications.FunctionalTests\OutgoingCommunications.FunctionalTests.csproj", "{F5D31A58-4507-4DA2-9E5A-7548C96746E2}"
EndProject
Project("{2150E333-8FDC-42A3-9474-1A3956D46DE8}") = "NewsletterSubscriptionConfirmed", "NewsletterSubscriptionConfirmed", "{063FE2A9-118F-41BD-A747-6005769800A1}"
	ProjectSection(SolutionItems) = preProject
		src\Services\OutgoingCommunications\OutgoingCommunications.EmailsLibrary\NewsletterSubscriptionConfirmed\_Content.en.html = src\Services\OutgoingCommunications\OutgoingCommunications.EmailsLibrary\NewsletterSubscriptionConfirmed\_Content.en.html
		src\Services\OutgoingCommunications\OutgoingCommunications.EmailsLibrary\NewsletterSubscriptionConfirmed\_Content.fr.html = src\Services\OutgoingCommunications\OutgoingCommunications.EmailsLibrary\NewsletterSubscriptionConfirmed\_Content.fr.html
		src\Services\OutgoingCommunications\OutgoingCommunications.EmailsLibrary\NewsletterSubscriptionConfirmed\metadata.json = src\Services\OutgoingCommunications\OutgoingCommunications.EmailsLibrary\NewsletterSubscriptionConfirmed\metadata.json
	EndProjectSection
EndProject
Global
	GlobalSection(SolutionConfigurationPlatforms) = preSolution
		Debug|Any CPU = Debug|Any CPU
		Release|Any CPU = Release|Any CPU
	EndGlobalSection
	GlobalSection(ProjectConfigurationPlatforms) = postSolution
		{6C1F327E-1599-42BD-B091-C965CE7E6964}.Debug|Any CPU.ActiveCfg = Debug|Any CPU
		{6C1F327E-1599-42BD-B091-C965CE7E6964}.Debug|Any CPU.Build.0 = Debug|Any CPU
		{6C1F327E-1599-42BD-B091-C965CE7E6964}.Release|Any CPU.ActiveCfg = Release|Any CPU
		{6C1F327E-1599-42BD-B091-C965CE7E6964}.Release|Any CPU.Build.0 = Release|Any CPU
		{3605A035-CA09-4F7F-84D4-61B2D4309F96}.Debug|Any CPU.ActiveCfg = Debug|Any CPU
		{3605A035-CA09-4F7F-84D4-61B2D4309F96}.Debug|Any CPU.Build.0 = Debug|Any CPU
		{3605A035-CA09-4F7F-84D4-61B2D4309F96}.Release|Any CPU.ActiveCfg = Release|Any CPU
		{3605A035-CA09-4F7F-84D4-61B2D4309F96}.Release|Any CPU.Build.0 = Release|Any CPU
		{E249F9C4-C595-4D4C-9636-7CE8187D17B7}.Debug|Any CPU.ActiveCfg = Debug|Any CPU
		{E249F9C4-C595-4D4C-9636-7CE8187D17B7}.Debug|Any CPU.Build.0 = Debug|Any CPU
		{E249F9C4-C595-4D4C-9636-7CE8187D17B7}.Release|Any CPU.ActiveCfg = Release|Any CPU
		{E249F9C4-C595-4D4C-9636-7CE8187D17B7}.Release|Any CPU.Build.0 = Release|Any CPU
		{BA092DE7-0331-4BBD-9E7D-B04039938899}.Debug|Any CPU.ActiveCfg = Debug|Any CPU
		{BA092DE7-0331-4BBD-9E7D-B04039938899}.Debug|Any CPU.Build.0 = Debug|Any CPU
		{BA092DE7-0331-4BBD-9E7D-B04039938899}.Release|Any CPU.ActiveCfg = Release|Any CPU
		{BA092DE7-0331-4BBD-9E7D-B04039938899}.Release|Any CPU.Build.0 = Release|Any CPU
		{C21B2E59-DA34-4883-9293-D89DED408B58}.Debug|Any CPU.ActiveCfg = Debug|Any CPU
		{C21B2E59-DA34-4883-9293-D89DED408B58}.Debug|Any CPU.Build.0 = Debug|Any CPU
		{C21B2E59-DA34-4883-9293-D89DED408B58}.Release|Any CPU.ActiveCfg = Release|Any CPU
		{C21B2E59-DA34-4883-9293-D89DED408B58}.Release|Any CPU.Build.0 = Release|Any CPU
		{44C48CD3-719E-4C81-9440-72452547F249}.Debug|Any CPU.ActiveCfg = Debug|Any CPU
		{44C48CD3-719E-4C81-9440-72452547F249}.Debug|Any CPU.Build.0 = Debug|Any CPU
		{44C48CD3-719E-4C81-9440-72452547F249}.Release|Any CPU.ActiveCfg = Release|Any CPU
		{44C48CD3-719E-4C81-9440-72452547F249}.Release|Any CPU.Build.0 = Release|Any CPU
		{F0AC9ADA-3001-49C3-828F-B78A73757721}.Debug|Any CPU.ActiveCfg = Debug|Any CPU
		{F0AC9ADA-3001-49C3-828F-B78A73757721}.Debug|Any CPU.Build.0 = Debug|Any CPU
		{F0AC9ADA-3001-49C3-828F-B78A73757721}.Release|Any CPU.ActiveCfg = Release|Any CPU
		{F0AC9ADA-3001-49C3-828F-B78A73757721}.Release|Any CPU.Build.0 = Release|Any CPU
		{F185564E-DFB4-4730-ABEF-3A46B7FDBDFB}.Debug|Any CPU.ActiveCfg = Debug|Any CPU
		{F185564E-DFB4-4730-ABEF-3A46B7FDBDFB}.Debug|Any CPU.Build.0 = Debug|Any CPU
		{F185564E-DFB4-4730-ABEF-3A46B7FDBDFB}.Release|Any CPU.ActiveCfg = Release|Any CPU
		{F185564E-DFB4-4730-ABEF-3A46B7FDBDFB}.Release|Any CPU.Build.0 = Release|Any CPU
		{C243F374-ADEE-4783-B385-85E64E7B1CE3}.Debug|Any CPU.ActiveCfg = Debug|Any CPU
		{C243F374-ADEE-4783-B385-85E64E7B1CE3}.Debug|Any CPU.Build.0 = Debug|Any CPU
		{C243F374-ADEE-4783-B385-85E64E7B1CE3}.Release|Any CPU.ActiveCfg = Release|Any CPU
		{C243F374-ADEE-4783-B385-85E64E7B1CE3}.Release|Any CPU.Build.0 = Release|Any CPU
		{284C1F9E-1AFD-493F-A4D4-92D1C3C51DF9}.Debug|Any CPU.ActiveCfg = Debug|Any CPU
		{284C1F9E-1AFD-493F-A4D4-92D1C3C51DF9}.Debug|Any CPU.Build.0 = Debug|Any CPU
		{284C1F9E-1AFD-493F-A4D4-92D1C3C51DF9}.Release|Any CPU.ActiveCfg = Release|Any CPU
		{284C1F9E-1AFD-493F-A4D4-92D1C3C51DF9}.Release|Any CPU.Build.0 = Release|Any CPU
		{1C4C851E-1EAB-4B38-8825-A5EE8EB39763}.Debug|Any CPU.ActiveCfg = Debug|Any CPU
		{1C4C851E-1EAB-4B38-8825-A5EE8EB39763}.Debug|Any CPU.Build.0 = Debug|Any CPU
		{1C4C851E-1EAB-4B38-8825-A5EE8EB39763}.Release|Any CPU.ActiveCfg = Release|Any CPU
		{1C4C851E-1EAB-4B38-8825-A5EE8EB39763}.Release|Any CPU.Build.0 = Release|Any CPU
		{5CBFAFF5-A23D-4E54-9C75-611298FE2653}.Debug|Any CPU.ActiveCfg = Debug|Any CPU
		{5CBFAFF5-A23D-4E54-9C75-611298FE2653}.Debug|Any CPU.Build.0 = Debug|Any CPU
		{5CBFAFF5-A23D-4E54-9C75-611298FE2653}.Release|Any CPU.ActiveCfg = Release|Any CPU
		{5CBFAFF5-A23D-4E54-9C75-611298FE2653}.Release|Any CPU.Build.0 = Release|Any CPU
		{7BA8F7BC-F3A1-41C3-B3D3-84F5785AD75E}.Debug|Any CPU.ActiveCfg = Debug|Any CPU
		{7BA8F7BC-F3A1-41C3-B3D3-84F5785AD75E}.Debug|Any CPU.Build.0 = Debug|Any CPU
		{7BA8F7BC-F3A1-41C3-B3D3-84F5785AD75E}.Release|Any CPU.ActiveCfg = Release|Any CPU
		{7BA8F7BC-F3A1-41C3-B3D3-84F5785AD75E}.Release|Any CPU.Build.0 = Release|Any CPU
		{CAC35727-4C3B-453B-9177-42D7039298B1}.Debug|Any CPU.ActiveCfg = Debug|Any CPU
		{CAC35727-4C3B-453B-9177-42D7039298B1}.Debug|Any CPU.Build.0 = Debug|Any CPU
		{CAC35727-4C3B-453B-9177-42D7039298B1}.Release|Any CPU.ActiveCfg = Release|Any CPU
		{CAC35727-4C3B-453B-9177-42D7039298B1}.Release|Any CPU.Build.0 = Release|Any CPU
		{DF68776C-597C-4DD6-B085-58B2A6ED5EF3}.Debug|Any CPU.ActiveCfg = Debug|Any CPU
		{DF68776C-597C-4DD6-B085-58B2A6ED5EF3}.Debug|Any CPU.Build.0 = Debug|Any CPU
		{DF68776C-597C-4DD6-B085-58B2A6ED5EF3}.Release|Any CPU.ActiveCfg = Release|Any CPU
		{DF68776C-597C-4DD6-B085-58B2A6ED5EF3}.Release|Any CPU.Build.0 = Release|Any CPU
		{2034B5EA-0764-400C-BDB1-72D74BA99ADD}.Debug|Any CPU.ActiveCfg = Debug|Any CPU
		{2034B5EA-0764-400C-BDB1-72D74BA99ADD}.Debug|Any CPU.Build.0 = Debug|Any CPU
		{2034B5EA-0764-400C-BDB1-72D74BA99ADD}.Release|Any CPU.ActiveCfg = Release|Any CPU
		{2034B5EA-0764-400C-BDB1-72D74BA99ADD}.Release|Any CPU.Build.0 = Release|Any CPU
		{5B202401-51AB-4BCB-9083-769B87BB5E49}.Debug|Any CPU.ActiveCfg = Debug|Any CPU
		{5B202401-51AB-4BCB-9083-769B87BB5E49}.Debug|Any CPU.Build.0 = Debug|Any CPU
		{5B202401-51AB-4BCB-9083-769B87BB5E49}.Release|Any CPU.ActiveCfg = Release|Any CPU
		{5B202401-51AB-4BCB-9083-769B87BB5E49}.Release|Any CPU.Build.0 = Release|Any CPU
		{53CEACA0-94D8-46A3-81BC-86BE9C83169C}.Debug|Any CPU.ActiveCfg = Debug|Any CPU
		{53CEACA0-94D8-46A3-81BC-86BE9C83169C}.Debug|Any CPU.Build.0 = Debug|Any CPU
		{53CEACA0-94D8-46A3-81BC-86BE9C83169C}.Release|Any CPU.ActiveCfg = Release|Any CPU
		{53CEACA0-94D8-46A3-81BC-86BE9C83169C}.Release|Any CPU.Build.0 = Release|Any CPU
		{F5D31A58-4507-4DA2-9E5A-7548C96746E2}.Debug|Any CPU.ActiveCfg = Debug|Any CPU
		{F5D31A58-4507-4DA2-9E5A-7548C96746E2}.Debug|Any CPU.Build.0 = Debug|Any CPU
		{F5D31A58-4507-4DA2-9E5A-7548C96746E2}.Release|Any CPU.ActiveCfg = Release|Any CPU
		{F5D31A58-4507-4DA2-9E5A-7548C96746E2}.Release|Any CPU.Build.0 = Release|Any CPU
	EndGlobalSection
	GlobalSection(SolutionProperties) = preSolution
		HideSolutionNode = FALSE
	EndGlobalSection
	GlobalSection(NestedProjects) = preSolution
		{37212B63-DDFC-4887-9729-95039A06E86D} = {B6A7C7F9-D23D-4140-B30D-5CD81AE60CD6}
		{225768EA-C98F-491C-8045-D6ECEB703361} = {B6A7C7F9-D23D-4140-B30D-5CD81AE60CD6}
		{BBE999C4-DE22-4B32-AD4D-9AF985EF3A65} = {225768EA-C98F-491C-8045-D6ECEB703361}
		{6C1F327E-1599-42BD-B091-C965CE7E6964} = {BBE999C4-DE22-4B32-AD4D-9AF985EF3A65}
		{A465760B-FEBB-4865-AF55-D9E5E163E9D8} = {B6A7C7F9-D23D-4140-B30D-5CD81AE60CD6}
		{E66BF67E-F0D7-49B3-AE68-F854C1E3B48B} = {A465760B-FEBB-4865-AF55-D9E5E163E9D8}
		{3605A035-CA09-4F7F-84D4-61B2D4309F96} = {BBE999C4-DE22-4B32-AD4D-9AF985EF3A65}
		{E249F9C4-C595-4D4C-9636-7CE8187D17B7} = {BBE999C4-DE22-4B32-AD4D-9AF985EF3A65}
		{BA092DE7-0331-4BBD-9E7D-B04039938899} = {E66BF67E-F0D7-49B3-AE68-F854C1E3B48B}
		{C21B2E59-DA34-4883-9293-D89DED408B58} = {E66BF67E-F0D7-49B3-AE68-F854C1E3B48B}
		{0F302675-46AE-4736-8E6E-C61E7402F541} = {A465760B-FEBB-4865-AF55-D9E5E163E9D8}
		{44C48CD3-719E-4C81-9440-72452547F249} = {0F302675-46AE-4736-8E6E-C61E7402F541}
		{F0AC9ADA-3001-49C3-828F-B78A73757721} = {E66BF67E-F0D7-49B3-AE68-F854C1E3B48B}
		{F185564E-DFB4-4730-ABEF-3A46B7FDBDFB} = {E66BF67E-F0D7-49B3-AE68-F854C1E3B48B}
		{C243F374-ADEE-4783-B385-85E64E7B1CE3} = {37212B63-DDFC-4887-9729-95039A06E86D}
		{AB42CE70-D309-4EAD-BCE4-C311F54B009B} = {225768EA-C98F-491C-8045-D6ECEB703361}
		{284C1F9E-1AFD-493F-A4D4-92D1C3C51DF9} = {AB42CE70-D309-4EAD-BCE4-C311F54B009B}
		{1C4C851E-1EAB-4B38-8825-A5EE8EB39763} = {AB42CE70-D309-4EAD-BCE4-C311F54B009B}
		{5CBFAFF5-A23D-4E54-9C75-611298FE2653} = {AB42CE70-D309-4EAD-BCE4-C311F54B009B}
		{7BA8F7BC-F3A1-41C3-B3D3-84F5785AD75E} = {AB42CE70-D309-4EAD-BCE4-C311F54B009B}
		{CAC35727-4C3B-453B-9177-42D7039298B1} = {AB42CE70-D309-4EAD-BCE4-C311F54B009B}
		{4DFDC491-67E2-4CCA-BD3D-20264AB5436E} = {AB42CE70-D309-4EAD-BCE4-C311F54B009B}
		{93D8A779-83DF-4682-9E81-0234D09041ED} = {4DFDC491-67E2-4CCA-BD3D-20264AB5436E}
		{5EFFDDFB-8A09-4B16-AF67-0BC75BA65214} = {4DFDC491-67E2-4CCA-BD3D-20264AB5436E}
		{DF68776C-597C-4DD6-B085-58B2A6ED5EF3} = {37212B63-DDFC-4887-9729-95039A06E86D}
		{C898F3E3-B618-4FBF-8FB8-F4F12573ACB1} = {CB1475E5-5ECE-494E-B26A-2A4C35D86323}
		{2034B5EA-0764-400C-BDB1-72D74BA99ADD} = {C898F3E3-B618-4FBF-8FB8-F4F12573ACB1}
		{5B202401-51AB-4BCB-9083-769B87BB5E49} = {C898F3E3-B618-4FBF-8FB8-F4F12573ACB1}
		{53CEACA0-94D8-46A3-81BC-86BE9C83169C} = {C898F3E3-B618-4FBF-8FB8-F4F12573ACB1}
		{F5D31A58-4507-4DA2-9E5A-7548C96746E2} = {C898F3E3-B618-4FBF-8FB8-F4F12573ACB1}
		{063FE2A9-118F-41BD-A747-6005769800A1} = {4DFDC491-67E2-4CCA-BD3D-20264AB5436E}
	EndGlobalSection
	GlobalSection(ExtensibilityGlobals) = postSolution
		SolutionGuid = {9C0D3B29-A440-4039-9040-5D1519101309}
	EndGlobalSection
EndGlobal
